
Microsoft Visual Studio Solution File, Format Version 12.00
# Visual Studio 15
VisualStudioVersion = 15.0.28307.271
MinimumVisualStudioVersion = 10.0.40219.1
Project("{FAE04EC0-301F-11D3-BF4B-00C04F79EFBC}") = "OracleDotNetCore", "OracleDotNetCore\OracleDotNetCore.csproj", "{F3CD2F2D-6626-483B-953E-F4A7A59ADFA6}"
EndProject
Global
	GlobalSection(SolutionConfigurationPlatforms) = preSolution
		Debug|Any CPU = Debug|Any CPU
		Release|Any CPU = Release|Any CPU
	EndGlobalSection
	GlobalSection(ProjectConfigurationPlatforms) = postSolution
		{F3CD2F2D-6626-483B-953E-F4A7A59ADFA6}.Debug|Any CPU.ActiveCfg = Debug|Any CPU
		{F3CD2F2D-6626-483B-953E-F4A7A59ADFA6}.Debug|Any CPU.Build.0 = Debug|Any CPU
		{F3CD2F2D-6626-483B-953E-F4A7A59ADFA6}.Release|Any CPU.ActiveCfg = Release|Any CPU
		{F3CD2F2D-6626-483B-953E-F4A7A59ADFA6}.Release|Any CPU.Build.0 = Release|Any CPU
	EndGlobalSection
	GlobalSection(SolutionProperties) = preSolution
		HideSolutionNode = FALSE
	EndGlobalSection
	GlobalSection(ExtensibilityGlobals) = postSolution
		SolutionGuid = {45DDE25F-197D-46B1-96D6-65E578084EDA}
	EndGlobalSection
EndGlobal
